// !$*UTF8*$!
{
	archiveVersion = 1;
	classes = {
	};
	objectVersion = 50;
	objects = {

/* Begin PBXBuildFile section */
		A84548EF2280D50700B7AE1B /* AppDelegate.m in Sources */ = {isa = PBXBuildFile; fileRef = A84548EE2280D50700B7AE1B /* AppDelegate.m */; };
		A84548F22280D50700B7AE1B /* ViewController.m in Sources */ = {isa = PBXBuildFile; fileRef = A84548F12280D50700B7AE1B /* ViewController.m */; };
		A84548F52280D50700B7AE1B /* Main.storyboard in Resources */ = {isa = PBXBuildFile; fileRef = A84548F32280D50700B7AE1B /* Main.storyboard */; };
		A84548F72280D50A00B7AE1B /* Assets.xcassets in Resources */ = {isa = PBXBuildFile; fileRef = A84548F62280D50A00B7AE1B /* Assets.xcassets */; };
		A84548FA2280D50A00B7AE1B /* LaunchScreen.storyboard in Resources */ = {isa = PBXBuildFile; fileRef = A84548F82280D50A00B7AE1B /* LaunchScreen.storyboard */; };
		A84548FD2280D50A00B7AE1B /* main.m in Sources */ = {isa = PBXBuildFile; fileRef = A84548FC2280D50A00B7AE1B /* main.m */; };
		A84549072280D50A00B7AE1B /* modminnieTests.m in Sources */ = {isa = PBXBuildFile; fileRef = A84549062280D50A00B7AE1B /* modminnieTests.m */; };
		A84549122280D50A00B7AE1B /* modminnieUITests.m in Sources */ = {isa = PBXBuildFile; fileRef = A84549112280D50A00B7AE1B /* modminnieUITests.m */; };
/* End PBXBuildFile section */

/* Begin PBXContainerItemProxy section */
		A84549032280D50A00B7AE1B /* PBXContainerItemProxy */ = {
			isa = PBXContainerItemProxy;
			containerPortal = A84548E22280D50700B7AE1B /* Project object */;
			proxyType = 1;
			remoteGlobalIDString = A84548E92280D50700B7AE1B;
			remoteInfo = modminnie;
		};
		A845490E2280D50A00B7AE1B /* PBXContainerItemProxy */ = {
			isa = PBXContainerItemProxy;
			containerPortal = A84548E22280D50700B7AE1B /* Project object */;
			proxyType = 1;
			remoteGlobalIDString = A84548E92280D50700B7AE1B;
			remoteInfo = modminnie;
		};
/* End PBXContainerItemProxy section */

/* Begin PBXFileReference section */
		A84548EA2280D50700B7AE1B /* modminnie.app */ = {isa = PBXFileReference; explicitFileType = wrapper.application; includeInIndex = 0; path = modminnie.app; sourceTree = BUILT_PRODUCTS_DIR; };
		A84548ED2280D50700B7AE1B /* AppDelegate.h */ = {isa = PBXFileReference; lastKnownFileType = sourcecode.c.h; path = AppDelegate.h; sourceTree = "<group>"; };
		A84548EE2280D50700B7AE1B /* AppDelegate.m */ = {isa = PBXFileReference; lastKnownFileType = sourcecode.c.objc; path = AppDelegate.m; sourceTree = "<group>"; };
		A84548F02280D50700B7AE1B /* ViewController.h */ = {isa = PBXFileReference; lastKnownFileType = sourcecode.c.h; path = ViewController.h; sourceTree = "<group>"; };
		A84548F12280D50700B7AE1B /* ViewController.m */ = {isa = PBXFileReference; lastKnownFileType = sourcecode.c.objc; path = ViewController.m; sourceTree = "<group>"; };
		A84548F42280D50700B7AE1B /* Base */ = {isa = PBXFileReference; lastKnownFileType = file.storyboard; name = Base; path = Base.lproj/Main.storyboard; sourceTree = "<group>"; };
		A84548F62280D50A00B7AE1B /* Assets.xcassets */ = {isa = PBXFileReference; lastKnownFileType = folder.assetcatalog; path = Assets.xcassets; sourceTree = "<group>"; };
		A84548F92280D50A00B7AE1B /* Base */ = {isa = PBXFileReference; lastKnownFileType = file.storyboard; name = Base; path = Base.lproj/LaunchScreen.storyboard; sourceTree = "<group>"; };
		A84548FB2280D50A00B7AE1B /* Info.plist */ = {isa = PBXFileReference; lastKnownFileType = text.plist.xml; path = Info.plist; sourceTree = "<group>"; };
		A84548FC2280D50A00B7AE1B /* main.m */ = {isa = PBXFileReference; lastKnownFileType = sourcecode.c.objc; path = main.m; sourceTree = "<group>"; };
		A84549022280D50A00B7AE1B /* modminnieTests.xctest */ = {isa = PBXFileReference; explicitFileType = wrapper.cfbundle; includeInIndex = 0; path = modminnieTests.xctest; sourceTree = BUILT_PRODUCTS_DIR; };
		A84549062280D50A00B7AE1B /* modminnieTests.m */ = {isa = PBXFileReference; lastKnownFileType = sourcecode.c.objc; path = modminnieTests.m; sourceTree = "<group>"; };
		A84549082280D50A00B7AE1B /* Info.plist */ = {isa = PBXFileReference; lastKnownFileType = text.plist.xml; path = Info.plist; sourceTree = "<group>"; };
		A845490D2280D50A00B7AE1B /* modminnieUITests.xctest */ = {isa = PBXFileReference; explicitFileType = wrapper.cfbundle; includeInIndex = 0; path = modminnieUITests.xctest; sourceTree = BUILT_PRODUCTS_DIR; };
		A84549112280D50A00B7AE1B /* modminnieUITests.m */ = {isa = PBXFileReference; lastKnownFileType = sourcecode.c.objc; path = modminnieUITests.m; sourceTree = "<group>"; };
		A84549132280D50A00B7AE1B /* Info.plist */ = {isa = PBXFileReference; lastKnownFileType = text.plist.xml; path = Info.plist; sourceTree = "<group>"; };
/* End PBXFileReference section */

/* Begin PBXFrameworksBuildPhase section */
		A84548E72280D50700B7AE1B /* Frameworks */ = {
			isa = PBXFrameworksBuildPhase;
			buildActionMask = 2147483647;
			files = (
			);
			runOnlyForDeploymentPostprocessing = 0;
		};
		A84548FF2280D50A00B7AE1B /* Frameworks */ = {
			isa = PBXFrameworksBuildPhase;
			buildActionMask = 2147483647;
			files = (
			);
			runOnlyForDeploymentPostprocessing = 0;
		};
		A845490A2280D50A00B7AE1B /* Frameworks */ = {
			isa = PBXFrameworksBuildPhase;
			buildActionMask = 2147483647;
			files = (
			);
			runOnlyForDeploymentPostprocessing = 0;
		};
/* End PBXFrameworksBuildPhase section */

/* Begin PBXGroup section */
		A84548E12280D50700B7AE1B = {
			isa = PBXGroup;
			children = (
				A84548EC2280D50700B7AE1B /* modminnie */,
				A84549052280D50A00B7AE1B /* modminnieTests */,
				A84549102280D50A00B7AE1B /* modminnieUITests */,
				A84548EB2280D50700B7AE1B /* Products */,
			);
			sourceTree = "<group>";
		};
		A84548EB2280D50700B7AE1B /* Products */ = {
			isa = PBXGroup;
			children = (
				A84548EA2280D50700B7AE1B /* modminnie.app */,
				A84549022280D50A00B7AE1B /* modminnieTests.xctest */,
				A845490D2280D50A00B7AE1B /* modminnieUITests.xctest */,
			);
			name = Products;
			sourceTree = "<group>";
		};
		A84548EC2280D50700B7AE1B /* modminnie */ = {
			isa = PBXGroup;
			children = (
				A84548ED2280D50700B7AE1B /* AppDelegate.h */,
				A84548EE2280D50700B7AE1B /* AppDelegate.m */,
				A84548F02280D50700B7AE1B /* ViewController.h */,
				A84548F12280D50700B7AE1B /* ViewController.m */,
				A84548F32280D50700B7AE1B /* Main.storyboard */,
				A84548F62280D50A00B7AE1B /* Assets.xcassets */,
				A84548F82280D50A00B7AE1B /* LaunchScreen.storyboard */,
				A84548FB2280D50A00B7AE1B /* Info.plist */,
				A84548FC2280D50A00B7AE1B /* main.m */,
			);
			path = modminnie;
			sourceTree = "<group>";
		};
		A84549052280D50A00B7AE1B /* modminnieTests */ = {
			isa = PBXGroup;
			children = (
				A84549062280D50A00B7AE1B /* modminnieTests.m */,
				A84549082280D50A00B7AE1B /* Info.plist */,
			);
			path = modminnieTests;
			sourceTree = "<group>";
		};
		A84549102280D50A00B7AE1B /* modminnieUITests */ = {
			isa = PBXGroup;
			children = (
				A84549112280D50A00B7AE1B /* modminnieUITests.m */,
				A84549132280D50A00B7AE1B /* Info.plist */,
			);
			path = modminnieUITests;
			sourceTree = "<group>";
		};
/* End PBXGroup section */

/* Begin PBXNativeTarget section */
		A84548E92280D50700B7AE1B /* modminnie */ = {
			isa = PBXNativeTarget;
			buildConfigurationList = A84549162280D50A00B7AE1B /* Build configuration list for PBXNativeTarget "modminnie" */;
			buildPhases = (
				A84548E62280D50700B7AE1B /* Sources */,
				A84548E72280D50700B7AE1B /* Frameworks */,
				A84548E82280D50700B7AE1B /* Resources */,
			);
			buildRules = (
			);
			dependencies = (
			);
			name = modminnie;
			productName = modminnie;
			productReference = A84548EA2280D50700B7AE1B /* modminnie.app */;
			productType = "com.apple.product-type.application";
		};
		A84549012280D50A00B7AE1B /* modminnieTests */ = {
			isa = PBXNativeTarget;
			buildConfigurationList = A84549192280D50A00B7AE1B /* Build configuration list for PBXNativeTarget "modminnieTests" */;
			buildPhases = (
				A84548FE2280D50A00B7AE1B /* Sources */,
				A84548FF2280D50A00B7AE1B /* Frameworks */,
				A84549002280D50A00B7AE1B /* Resources */,
			);
			buildRules = (
			);
			dependencies = (
				A84549042280D50A00B7AE1B /* PBXTargetDependency */,
			);
			name = modminnieTests;
			productName = modminnieTests;
			productReference = A84549022280D50A00B7AE1B /* modminnieTests.xctest */;
			productType = "com.apple.product-type.bundle.unit-test";
		};
		A845490C2280D50A00B7AE1B /* modminnieUITests */ = {
			isa = PBXNativeTarget;
			buildConfigurationList = A845491C2280D50A00B7AE1B /* Build configuration list for PBXNativeTarget "modminnieUITests" */;
			buildPhases = (
				A84549092280D50A00B7AE1B /* Sources */,
				A845490A2280D50A00B7AE1B /* Frameworks */,
				A845490B2280D50A00B7AE1B /* Resources */,
			);
			buildRules = (
			);
			dependencies = (
				A845490F2280D50A00B7AE1B /* PBXTargetDependency */,
			);
			name = modminnieUITests;
			productName = modminnieUITests;
			productReference = A845490D2280D50A00B7AE1B /* modminnieUITests.xctest */;
			productType = "com.apple.product-type.bundle.ui-testing";
		};
/* End PBXNativeTarget section */

/* Begin PBXProject section */
		A84548E22280D50700B7AE1B /* Project object */ = {
			isa = PBXProject;
			attributes = {
				LastUpgradeCheck = 1020;
				ORGANIZATIONNAME = "Taylor Murray";
				TargetAttributes = {
					A84548E92280D50700B7AE1B = {
						CreatedOnToolsVersion = 10.2.1;
					};
					A84549012280D50A00B7AE1B = {
						CreatedOnToolsVersion = 10.2.1;
						TestTargetID = A84548E92280D50700B7AE1B;
					};
					A845490C2280D50A00B7AE1B = {
						CreatedOnToolsVersion = 10.2.1;
						TestTargetID = A84548E92280D50700B7AE1B;
					};
				};
			};
			buildConfigurationList = A84548E52280D50700B7AE1B /* Build configuration list for PBXProject "modminnie" */;
			compatibilityVersion = "Xcode 9.3";
			developmentRegion = en;
			hasScannedForEncodings = 0;
			knownRegions = (
				en,
				Base,
			);
			mainGroup = A84548E12280D50700B7AE1B;
			productRefGroup = A84548EB2280D50700B7AE1B /* Products */;
			projectDirPath = "";
			projectRoot = "";
			targets = (
				A84548E92280D50700B7AE1B /* modminnie */,
				A84549012280D50A00B7AE1B /* modminnieTests */,
				A845490C2280D50A00B7AE1B /* modminnieUITests */,
			);
		};
/* End PBXProject section */

/* Begin PBXResourcesBuildPhase section */
		A84548E82280D50700B7AE1B /* Resources */ = {
			isa = PBXResourcesBuildPhase;
			buildActionMask = 2147483647;
			files = (
				A84548FA2280D50A00B7AE1B /* LaunchScreen.storyboard in Resources */,
				A84548F72280D50A00B7AE1B /* Assets.xcassets in Resources */,
				A84548F52280D50700B7AE1B /* Main.storyboard in Resources */,
			);
			runOnlyForDeploymentPostprocessing = 0;
		};
		A84549002280D50A00B7AE1B /* Resources */ = {
			isa = PBXResourcesBuildPhase;
			buildActionMask = 2147483647;
			files = (
			);
			runOnlyForDeploymentPostprocessing = 0;
		};
		A845490B2280D50A00B7AE1B /* Resources */ = {
			isa = PBXResourcesBuildPhase;
			buildActionMask = 2147483647;
			files = (
			);
			runOnlyForDeploymentPostprocessing = 0;
		};
/* End PBXResourcesBuildPhase section */

/* Begin PBXSourcesBuildPhase section */
		A84548E62280D50700B7AE1B /* Sources */ = {
			isa = PBXSourcesBuildPhase;
			buildActionMask = 2147483647;
			files = (
				A84548F22280D50700B7AE1B /* ViewController.m in Sources */,
				A84548FD2280D50A00B7AE1B /* main.m in Sources */,
				A84548EF2280D50700B7AE1B /* AppDelegate.m in Sources */,
			);
			runOnlyForDeploymentPostprocessing = 0;
		};
		A84548FE2280D50A00B7AE1B /* Sources */ = {
			isa = PBXSourcesBuildPhase;
			buildActionMask = 2147483647;
			files = (
				A84549072280D50A00B7AE1B /* modminnieTests.m in Sources */,
			);
			runOnlyForDeploymentPostprocessing = 0;
		};
		A84549092280D50A00B7AE1B /* Sources */ = {
			isa = PBXSourcesBuildPhase;
			buildActionMask = 2147483647;
			files = (
				A84549122280D50A00B7AE1B /* modminnieUITests.m in Sources */,
			);
			runOnlyForDeploymentPostprocessing = 0;
		};
/* End PBXSourcesBuildPhase section */

/* Begin PBXTargetDependency section */
		A84549042280D50A00B7AE1B /* PBXTargetDependency */ = {
			isa = PBXTargetDependency;
			target = A84548E92280D50700B7AE1B /* modminnie */;
			targetProxy = A84549032280D50A00B7AE1B /* PBXContainerItemProxy */;
		};
		A845490F2280D50A00B7AE1B /* PBXTargetDependency */ = {
			isa = PBXTargetDependency;
			target = A84548E92280D50700B7AE1B /* modminnie */;
			targetProxy = A845490E2280D50A00B7AE1B /* PBXContainerItemProxy */;
		};
/* End PBXTargetDependency section */

/* Begin PBXVariantGroup section */
		A84548F32280D50700B7AE1B /* Main.storyboard */ = {
			isa = PBXVariantGroup;
			children = (
				A84548F42280D50700B7AE1B /* Base */,
			);
			name = Main.storyboard;
			sourceTree = "<group>";
		};
		A84548F82280D50A00B7AE1B /* LaunchScreen.storyboard */ = {
			isa = PBXVariantGroup;
			children = (
				A84548F92280D50A00B7AE1B /* Base */,
			);
			name = LaunchScreen.storyboard;
			sourceTree = "<group>";
		};
/* End PBXVariantGroup section */

/* Begin XCBuildConfiguration section */
		A84549142280D50A00B7AE1B /* Debug */ = {
			isa = XCBuildConfiguration;
			buildSettings = {
				ALWAYS_SEARCH_USER_PATHS = NO;
				CLANG_ANALYZER_NONNULL = YES;
				CLANG_ANALYZER_NUMBER_OBJECT_CONVERSION = YES_AGGRESSIVE;
				CLANG_CXX_LANGUAGE_STANDARD = "gnu++14";
				CLANG_CXX_LIBRARY = "libc++";
				CLANG_ENABLE_MODULES = YES;
				CLANG_ENABLE_OBJC_ARC = YES;
				CLANG_ENABLE_OBJC_WEAK = YES;
				CLANG_WARN_BLOCK_CAPTURE_AUTORELEASING = YES;
				CLANG_WARN_BOOL_CONVERSION = YES;
				CLANG_WARN_COMMA = YES;
				CLANG_WARN_CONSTANT_CONVERSION = YES;
				CLANG_WARN_DEPRECATED_OBJC_IMPLEMENTATIONS = YES;
				CLANG_WARN_DIRECT_OBJC_ISA_USAGE = YES_ERROR;
				CLANG_WARN_DOCUMENTATION_COMMENTS = YES;
				CLANG_WARN_EMPTY_BODY = YES;
				CLANG_WARN_ENUM_CONVERSION = YES;
				CLANG_WARN_INFINITE_RECURSION = YES;
				CLANG_WARN_INT_CONVERSION = YES;
				CLANG_WARN_NON_LITERAL_NULL_CONVERSION = YES;
				CLANG_WARN_OBJC_IMPLICIT_RETAIN_SELF = YES;
				CLANG_WARN_OBJC_LITERAL_CONVERSION = YES;
				CLANG_WARN_OBJC_ROOT_CLASS = YES_ERROR;
				CLANG_WARN_RANGE_LOOP_ANALYSIS = YES;
				CLANG_WARN_STRICT_PROTOTYPES = YES;
				CLANG_WARN_SUSPICIOUS_MOVE = YES;
				CLANG_WARN_UNGUARDED_AVAILABILITY = YES_AGGRESSIVE;
				CLANG_WARN_UNREACHABLE_CODE = YES;
				CLANG_WARN__DUPLICATE_METHOD_MATCH = YES;
				CODE_SIGN_IDENTITY = "iPhone Developer";
				COPY_PHASE_STRIP = NO;
				DEBUG_INFORMATION_FORMAT = dwarf;
				ENABLE_STRICT_OBJC_MSGSEND = YES;
				ENABLE_TESTABILITY = YES;
				GCC_C_LANGUAGE_STANDARD = gnu11;
				GCC_DYNAMIC_NO_PIC = NO;
				GCC_NO_COMMON_BLOCKS = YES;
				GCC_OPTIMIZATION_LEVEL = 0;
				GCC_PREPROCESSOR_DEFINITIONS = (
					"DEBUG=1",
					"$(inherited)",
				);
				GCC_WARN_64_TO_32_BIT_CONVERSION = YES;
				GCC_WARN_ABOUT_RETURN_TYPE = YES_ERROR;
				GCC_WARN_UNDECLARED_SELECTOR = YES;
				GCC_WARN_UNINITIALIZED_AUTOS = YES_AGGRESSIVE;
				GCC_WARN_UNUSED_FUNCTION = YES;
				GCC_WARN_UNUSED_VARIABLE = YES;
				IPHONEOS_DEPLOYMENT_TARGET = 12.2;
				MTL_ENABLE_DEBUG_INFO = INCLUDE_SOURCE;
				MTL_FAST_MATH = YES;
				ONLY_ACTIVE_ARCH = YES;
				SDKROOT = iphoneos;
			};
			name = Debug;
		};
		A84549152280D50A00B7AE1B /* Release */ = {
			isa = XCBuildConfiguration;
			buildSettings = {
				ALWAYS_SEARCH_USER_PATHS = NO;
				CLANG_ANALYZER_NONNULL = YES;
				CLANG_ANALYZER_NUMBER_OBJECT_CONVERSION = YES_AGGRESSIVE;
				CLANG_CXX_LANGUAGE_STANDARD = "gnu++14";
				CLANG_CXX_LIBRARY = "libc++";
				CLANG_ENABLE_MODULES = YES;
				CLANG_ENABLE_OBJC_ARC = YES;
				CLANG_ENABLE_OBJC_WEAK = YES;
				CLANG_WARN_BLOCK_CAPTURE_AUTORELEASING = YES;
				CLANG_WARN_BOOL_CONVERSION = YES;
				CLANG_WARN_COMMA = YES;
				CLANG_WARN_CONSTANT_CONVERSION = YES;
				CLANG_WARN_DEPRECATED_OBJC_IMPLEMENTATIONS = YES;
				CLANG_WARN_DIRECT_OBJC_ISA_USAGE = YES_ERROR;
				CLANG_WARN_DOCUMENTATION_COMMENTS = YES;
				CLANG_WARN_EMPTY_BODY = YES;
				CLANG_WARN_ENUM_CONVERSION = YES;
				CLANG_WARN_INFINITE_RECURSION = YES;
				CLANG_WARN_INT_CONVERSION = YES;
				CLANG_WARN_NON_LITERAL_NULL_CONVERSION = YES;
				CLANG_WARN_OBJC_IMPLICIT_RETAIN_SELF = YES;
				CLANG_WARN_OBJC_LITERAL_CONVERSION = YES;
				CLANG_WARN_OBJC_ROOT_CLASS = YES_ERROR;
				CLANG_WARN_RANGE_LOOP_ANALYSIS = YES;
				CLANG_WARN_STRICT_PROTOTYPES = YES;
				CLANG_WARN_SUSPICIOUS_MOVE = YES;
				CLANG_WARN_UNGUARDED_AVAILABILITY = YES_AGGRESSIVE;
				CLANG_WARN_UNREACHABLE_CODE = YES;
				CLANG_WARN__DUPLICATE_METHOD_MATCH = YES;
				CODE_SIGN_IDENTITY = "iPhone Developer";
				COPY_PHASE_STRIP = NO;
				DEBUG_INFORMATION_FORMAT = "dwarf-with-dsym";
				ENABLE_NS_ASSERTIONS = NO;
				ENABLE_STRICT_OBJC_MSGSEND = YES;
				GCC_C_LANGUAGE_STANDARD = gnu11;
				GCC_NO_COMMON_BLOCKS = YES;
				GCC_WARN_64_TO_32_BIT_CONVERSION = YES;
				GCC_WARN_ABOUT_RETURN_TYPE = YES_ERROR;
				GCC_WARN_UNDECLARED_SELECTOR = YES;
				GCC_WARN_UNINITIALIZED_AUTOS = YES_AGGRESSIVE;
				GCC_WARN_UNUSED_FUNCTION = YES;
				GCC_WARN_UNUSED_VARIABLE = YES;
				IPHONEOS_DEPLOYMENT_TARGET = 12.2;
				MTL_ENABLE_DEBUG_INFO = NO;
				MTL_FAST_MATH = YES;
				SDKROOT = iphoneos;
				VALIDATE_PRODUCT = YES;
			};
			name = Release;
		};
		A84549172280D50A00B7AE1B /* Debug */ = {
			isa = XCBuildConfiguration;
			buildSettings = {
				ASSETCATALOG_COMPILER_APPICON_NAME = AppIcon;
				CODE_SIGN_STYLE = Automatic;
				INFOPLIST_FILE = modminnie/Info.plist;
				LD_RUNPATH_SEARCH_PATHS = (
					"$(inherited)",
					"@executable_path/Frameworks",
				);
				PRODUCT_BUNDLE_IDENTIFIER = murratay.modminnie;
				PRODUCT_NAME = "$(TARGET_NAME)";
				TARGETED_DEVICE_FAMILY = "1,2";
			};
			name = Debug;
		};
		A84549182280D50A00B7AE1B /* Release */ = {
			isa = XCBuildConfiguration;
			buildSettings = {
				ASSETCATALOG_COMPILER_APPICON_NAME = AppIcon;
				CODE_SIGN_STYLE = Automatic;
				INFOPLIST_FILE = modminnie/Info.plist;
				LD_RUNPATH_SEARCH_PATHS = (
					"$(inherited)",
					"@executable_path/Frameworks",
				);
				PRODUCT_BUNDLE_IDENTIFIER = murratay.modminnie;
				PRODUCT_NAME = "$(TARGET_NAME)";
				TARGETED_DEVICE_FAMILY = "1,2";
			};
			name = Release;
		};
		A845491A2280D50A00B7AE1B /* Debug */ = {
			isa = XCBuildConfiguration;
			buildSettings = {
				BUNDLE_LOADER = "$(TEST_HOST)";
				CODE_SIGN_STYLE = Automatic;
				INFOPLIST_FILE = modminnieTests/Info.plist;
				LD_RUNPATH_SEARCH_PATHS = (
					"$(inherited)",
					"@executable_path/Frameworks",
					"@loader_path/Frameworks",
				);
				PRODUCT_BUNDLE_IDENTIFIER = murratay.modminnieTests;
				PRODUCT_NAME = "$(TARGET_NAME)";
				TARGETED_DEVICE_FAMILY = "1,2";
				TEST_HOST = "$(BUILT_PRODUCTS_DIR)/modminnie.app/modminnie";
			};
			name = Debug;
		};
		A845491B2280D50A00B7AE1B /* Release */ = {
			isa = XCBuildConfiguration;
			buildSettings = {
				BUNDLE_LOADER = "$(TEST_HOST)";
				CODE_SIGN_STYLE = Automatic;
				INFOPLIST_FILE = modminnieTests/Info.plist;
				LD_RUNPATH_SEARCH_PATHS = (
					"$(inherited)",
					"@executable_path/Frameworks",
					"@loader_path/Frameworks",
				);
				PRODUCT_BUNDLE_IDENTIFIER = murratay.modminnieTests;
				PRODUCT_NAME = "$(TARGET_NAME)";
				TARGETED_DEVICE_FAMILY = "1,2";
				TEST_HOST = "$(BUILT_PRODUCTS_DIR)/modminnie.app/modminnie";
			};
			name = Release;
		};
		A845491D2280D50A00B7AE1B /* Debug */ = {
			isa = XCBuildConfiguration;
			buildSettings = {
				CODE_SIGN_STYLE = Automatic;
				INFOPLIST_FILE = modminnieUITests/Info.plist;
				LD_RUNPATH_SEARCH_PATHS = (
					"$(inherited)",
					"@executable_path/Frameworks",
					"@loader_path/Frameworks",
				);
				PRODUCT_BUNDLE_IDENTIFIER = murratay.modminnieUITests;
				PRODUCT_NAME = "$(TARGET_NAME)";
				TARGETED_DEVICE_FAMILY = "1,2";
				TEST_TARGET_NAME = modminnie;
			};
			name = Debug;
		};
		A845491E2280D50A00B7AE1B /* Release */ = {
			isa = XCBuildConfiguration;
			buildSettings = {
				CODE_SIGN_STYLE = Automatic;
				INFOPLIST_FILE = modminnieUITests/Info.plist;
				LD_RUNPATH_SEARCH_PATHS = (
					"$(inherited)",
					"@executable_path/Frameworks",
					"@loader_path/Frameworks",
				);
				PRODUCT_BUNDLE_IDENTIFIER = murratay.modminnieUITests;
				PRODUCT_NAME = "$(TARGET_NAME)";
				TARGETED_DEVICE_FAMILY = "1,2";
				TEST_TARGET_NAME = modminnie;
			};
			name = Release;
		};
/* End XCBuildConfiguration section */

/* Begin XCConfigurationList section */
		A84548E52280D50700B7AE1B /* Build configuration list for PBXProject "modminnie" */ = {
			isa = XCConfigurationList;
			buildConfigurations = (
				A84549142280D50A00B7AE1B /* Debug */,
				A84549152280D50A00B7AE1B /* Release */,
			);
			defaultConfigurationIsVisible = 0;
			defaultConfigurationName = Release;
		};
		A84549162280D50A00B7AE1B /* Build configuration list for PBXNativeTarget "modminnie" */ = {
			isa = XCConfigurationList;
			buildConfigurations = (
				A84549172280D50A00B7AE1B /* Debug */,
				A84549182280D50A00B7AE1B /* Release */,
			);
			defaultConfigurationIsVisible = 0;
			defaultConfigurationName = Release;
		};
		A84549192280D50A00B7AE1B /* Build configuration list for PBXNativeTarget "modminnieTests" */ = {
			isa = XCConfigurationList;
			buildConfigurations = (
				A845491A2280D50A00B7AE1B /* Debug */,
				A845491B2280D50A00B7AE1B /* Release */,
			);
			defaultConfigurationIsVisible = 0;
			defaultConfigurationName = Release;
		};
		A845491C2280D50A00B7AE1B /* Build configuration list for PBXNativeTarget "modminnieUITests" */ = {
			isa = XCConfigurationList;
			buildConfigurations = (
				A845491D2280D50A00B7AE1B /* Debug */,
				A845491E2280D50A00B7AE1B /* Release */,
			);
			defaultConfigurationIsVisible = 0;
			defaultConfigurationName = Release;
		};
/* End XCConfigurationList section */
	};
	rootObject = A84548E22280D50700B7AE1B /* Project object */;
}
